# THIS IS AN AUTOGENERATED FILE. DO NOT EDIT THIS FILE DIRECTLY.
# yarn lockfile v1


"@automerge/automerge-wasm@^0.2.14":
  version "0.2.14"
  resolved "https://registry.yarnpkg.com/@automerge/automerge-wasm/-/automerge-wasm-0.2.14.tgz#aa6668783f247ecd8598919b98f78d8eca27ccd1"
  integrity sha512-GXopyTWmQXmslkKCX9xDoZY7NNdroBtIHXMdCzX6m86L7O0nWiX1p5iar6oOimtG2MELjknlndsSYgMIB8tTSA==
